
Microsoft Visual Studio Solution File, Format Version 12.00
# Visual Studio Version 17
VisualStudioVersion = 17.9.34607.119
MinimumVisualStudioVersion = 10.0.40219.1
Project("{8BC9CEB8-8B4A-11D0-8D11-00A0C91BC942}") = "UCP3Pemdas", "UCP3Pemdas\UCP3Pemdas.vcxproj", "{AE5EEF22-CDBA-4D36-8262-71A8E9A18C8B}"
EndProject
Global
	GlobalSection(SolutionConfigurationPlatforms) = preSolution
		Debug|x64 = Debug|x64
		Debug|x86 = Debug|x86
		Release|x64 = Release|x64
		Release|x86 = Release|x86
	EndGlobalSection
	GlobalSection(ProjectConfigurationPlatforms) = postSolution
		{AE5EEF22-CDBA-4D36-8262-71A8E9A18C8B}.Debug|x64.ActiveCfg = Debug|x64
		{AE5EEF22-CDBA-4D36-8262-71A8E9A18C8B}.Debug|x64.Build.0 = Debug|x64
		{AE5EEF22-CDBA-4D36-8262-71A8E9A18C8B}.Debug|x86.ActiveCfg = Debug|Win32
		{AE5EEF22-CDBA-4D36-8262-71A8E9A18C8B}.Debug|x86.Build.0 = Debug|Win32
		{AE5EEF22-CDBA-4D36-8262-71A8E9A18C8B}.Release|x64.ActiveCfg = Release|x64
		{AE5EEF22-CDBA-4D36-8262-71A8E9A18C8B}.Release|x64.Build.0 = Release|x64
		{AE5EEF22-CDBA-4D36-8262-71A8E9A18C8B}.Release|x86.ActiveCfg = Release|Win32
		{AE5EEF22-CDBA-4D36-8262-71A8E9A18C8B}.Release|x86.Build.0 = Release|Win32
	EndGlobalSection
	GlobalSection(SolutionProperties) = preSolution
		HideSolutionNode = FALSE
	EndGlobalSection
	GlobalSection(ExtensibilityGlobals) = postSolution
		SolutionGuid = {CA6F2BA9-384F-446F-A6B0-77BDE439F03E}
	EndGlobalSection
EndGlobal
